
Microsoft Visual Studio Solution File, Format Version 12.00
# Visual Studio Version 17
VisualStudioVersion = 17.1.32421.90
MinimumVisualStudioVersion = 10.0.40219.1
Project("{9A19103F-16F7-4668-BE54-9A1E7A4F7556}") = "AdhocReading", "AdhocReading\AdhocReading.csproj", "{44BD14FE-C24A-4829-ACD8-9FC42733028C}"
EndProject
Project("{FAE04EC0-301F-11D3-BF4B-00C04F79EFBC}") = "PacktLibrary", "PacktLibrary\PacktLibrary.csproj", "{6C3B44C2-0D75-42E7-93B0-36BA88A87E90}"
EndProject
Global
	GlobalSection(SolutionConfigurationPlatforms) = preSolution
		Debug|Any CPU = Debug|Any CPU
		Release|Any CPU = Release|Any CPU
	EndGlobalSection
	GlobalSection(ProjectConfigurationPlatforms) = postSolution
		{44BD14FE-C24A-4829-ACD8-9FC42733028C}.Debug|Any CPU.ActiveCfg = Debug|Any CPU
		{44BD14FE-C24A-4829-ACD8-9FC42733028C}.Debug|Any CPU.Build.0 = Debug|Any CPU
		{44BD14FE-C24A-4829-ACD8-9FC42733028C}.Release|Any CPU.ActiveCfg = Release|Any CPU
		{44BD14FE-C24A-4829-ACD8-9FC42733028C}.Release|Any CPU.Build.0 = Release|Any CPU
		{6C3B44C2-0D75-42E7-93B0-36BA88A87E90}.Debug|Any CPU.ActiveCfg = Debug|Any CPU
		{6C3B44C2-0D75-42E7-93B0-36BA88A87E90}.Debug|Any CPU.Build.0 = Debug|Any CPU
		{6C3B44C2-0D75-42E7-93B0-36BA88A87E90}.Release|Any CPU.ActiveCfg = Release|Any CPU
		{6C3B44C2-0D75-42E7-93B0-36BA88A87E90}.Release|Any CPU.Build.0 = Release|Any CPU
	EndGlobalSection
	GlobalSection(SolutionProperties) = preSolution
		HideSolutionNode = FALSE
	EndGlobalSection
	GlobalSection(ExtensibilityGlobals) = postSolution
		SolutionGuid = {9B9838DF-BEA1-4887-83F3-13FA8760AC3C}
	EndGlobalSection
EndGlobal
